PODS:
  - PresenterKit (6.1.1)
  - YandexMapsMobile (4.0.0-lite)

DEPENDENCIES:
  - PresenterKit (~> 6.1.0)
  - YandexMapsMobile (= 4.0.0-lite)

SPEC REPOS:
  trunk:
    - PresenterKit
    - YandexMapsMobile

SPEC CHECKSUMS:
  PresenterKit: f7d275fa9e1fe01b84da7be0a6630ec2728ab409
  YandexMapsMobile: d7d7f3b452209b4c2787beb53bb2dfcea259c70c

PODFILE CHECKSUM: 957488691adb0a8ecb41b0e45b7135b23bdc910d

COCOAPODS: 1.10.0
